
Microsoft Visual Studio Solution File, Format Version 12.00
# Visual Studio Version 17
VisualStudioVersion = 17.3.32929.385
MinimumVisualStudioVersion = 10.0.40219.1
Project("{9A19103F-16F7-4668-BE54-9A1E7A4F7556}") = "PotenzFunktion", "PotenzFunktion\PotenzFunktion.csproj", "{EC9A3624-8777-41A5-A708-E3765BE52E5A}"
EndProject
Project("{9A19103F-16F7-4668-BE54-9A1E7A4F7556}") = "QuerZahlen", "QuerZahlen\QuerZahlen.csproj", "{CC129094-DD5F-4AB8-B685-59F8A9E6694A}"
EndProject
Project("{9A19103F-16F7-4668-BE54-9A1E7A4F7556}") = "Twist", "Twist\Twist.csproj", "{2EB67C10-2D6D-4283-AD11-240C8CE010C3}"
EndProject
Project("{FAE04EC0-301F-11D3-BF4B-00C04F79EFBC}") = "Bezugspreis", "Bezugspreis\Bezugspreis.csproj", "{92656707-21E5-48D2-9FB1-E43A584DDD9D}"
EndProject
Global
	GlobalSection(SolutionConfigurationPlatforms) = preSolution
		Debug|Any CPU = Debug|Any CPU
		Release|Any CPU = Release|Any CPU
	EndGlobalSection
	GlobalSection(ProjectConfigurationPlatforms) = postSolution
		{EC9A3624-8777-41A5-A708-E3765BE52E5A}.Debug|Any CPU.ActiveCfg = Debug|Any CPU
		{EC9A3624-8777-41A5-A708-E3765BE52E5A}.Debug|Any CPU.Build.0 = Debug|Any CPU
		{EC9A3624-8777-41A5-A708-E3765BE52E5A}.Release|Any CPU.ActiveCfg = Release|Any CPU
		{EC9A3624-8777-41A5-A708-E3765BE52E5A}.Release|Any CPU.Build.0 = Release|Any CPU
		{CC129094-DD5F-4AB8-B685-59F8A9E6694A}.Debug|Any CPU.ActiveCfg = Debug|Any CPU
		{CC129094-DD5F-4AB8-B685-59F8A9E6694A}.Debug|Any CPU.Build.0 = Debug|Any CPU
		{CC129094-DD5F-4AB8-B685-59F8A9E6694A}.Release|Any CPU.ActiveCfg = Release|Any CPU
		{CC129094-DD5F-4AB8-B685-59F8A9E6694A}.Release|Any CPU.Build.0 = Release|Any CPU
		{2EB67C10-2D6D-4283-AD11-240C8CE010C3}.Debug|Any CPU.ActiveCfg = Debug|Any CPU
		{2EB67C10-2D6D-4283-AD11-240C8CE010C3}.Debug|Any CPU.Build.0 = Debug|Any CPU
		{2EB67C10-2D6D-4283-AD11-240C8CE010C3}.Release|Any CPU.ActiveCfg = Release|Any CPU
		{2EB67C10-2D6D-4283-AD11-240C8CE010C3}.Release|Any CPU.Build.0 = Release|Any CPU
		{92656707-21E5-48D2-9FB1-E43A584DDD9D}.Debug|Any CPU.ActiveCfg = Debug|Any CPU
		{92656707-21E5-48D2-9FB1-E43A584DDD9D}.Debug|Any CPU.Build.0 = Debug|Any CPU
		{92656707-21E5-48D2-9FB1-E43A584DDD9D}.Release|Any CPU.ActiveCfg = Release|Any CPU
		{92656707-21E5-48D2-9FB1-E43A584DDD9D}.Release|Any CPU.Build.0 = Release|Any CPU
	EndGlobalSection
	GlobalSection(SolutionProperties) = preSolution
		HideSolutionNode = FALSE
	EndGlobalSection
	GlobalSection(ExtensibilityGlobals) = postSolution
		SolutionGuid = {C3F003FC-52A5-4A88-9F70-94B7949BBBFC}
	EndGlobalSection
EndGlobal
